{
  "name": "ynzy-test-cli",
  "version": "1.0.0",
  "lockfileVersion": 1,
  "requires": true,
  "dependencies": {
    "ynzy-test-cli-lib": {
      "version": "1.0.0",
      "resolved": "https://registry.npmjs.org/ynzy-test-cli-lib/-/ynzy-test-cli-lib-1.0.0.tgz",
      "integrity": "sha512-xUXYYhM3LdBJh7+MPL8tRSvbLZwyiurtYqEg/wTt7rjKjplRz0PJGgDKTGyqEP51i6p7UCv+Znxw0HDes1+PIg=="
    }
  }
}
